// !$*UTF8*$!
{
	archiveVersion = 1;
	classes = {
	};
	objectVersion = 56;
	objects = {

/* Begin PBXBuildFile section */
		258C135E17AEBEF77FE91777 /* Pods_HomeWork_Ios_HomeWork_IosUITests.framework in Frameworks */ = {isa = PBXBuildFile; fileRef = 12AEDDC03C62B0819955A567 /* Pods_HomeWork_Ios_HomeWork_IosUITests.framework */; };
		9B2C2CEEF4E58C0C3428AFEC /* Pods_HomeWork_IosTests.framework in Frameworks */ = {isa = PBXBuildFile; fileRef = 7D078A18E8382A331DFADEB8 /* Pods_HomeWork_IosTests.framework */; };
		CBEBA17F501A8ABE8999ED50 /* Pods_HomeWork_Ios.framework in Frameworks */ = {isa = PBXBuildFile; fileRef = AC1634FA8A233A580825628F /* Pods_HomeWork_Ios.framework */; };
		D226E9F62C7BE340000E4529 /* AppDelegate.swift in Sources */ = {isa = PBXBuildFile; fileRef = D226E9F52C7BE340000E4529 /* AppDelegate.swift */; };
		D226E9F82C7BE340000E4529 /* SceneDelegate.swift in Sources */ = {isa = PBXBuildFile; fileRef = D226E9F72C7BE340000E4529 /* SceneDelegate.swift */; };
		D226E9FA2C7BE340000E4529 /* TwoLabelsViewController.swift in Sources */ = {isa = PBXBuildFile; fileRef = D226E9F92C7BE340000E4529 /* TwoLabelsViewController.swift */; };
		D226E9FF2C7BE341000E4529 /* Assets.xcassets in Resources */ = {isa = PBXBuildFile; fileRef = D226E9FE2C7BE341000E4529 /* Assets.xcassets */; };
		D226EA022C7BE341000E4529 /* Base in Resources */ = {isa = PBXBuildFile; fileRef = D226EA012C7BE341000E4529 /* Base */; };
		D226EA0D2C7BE341000E4529 /* HomeWork_IosTests.swift in Sources */ = {isa = PBXBuildFile; fileRef = D226EA0C2C7BE341000E4529 /* HomeWork_IosTests.swift */; };
		D226EA172C7BE341000E4529 /* HomeWork_IosUITests.swift in Sources */ = {isa = PBXBuildFile; fileRef = D226EA162C7BE341000E4529 /* HomeWork_IosUITests.swift */; };
		D226EA192C7BE341000E4529 /* HomeWork_IosUITestsLaunchTests.swift in Sources */ = {isa = PBXBuildFile; fileRef = D226EA182C7BE341000E4529 /* HomeWork_IosUITestsLaunchTests.swift */; };
		D2322CFE2C8DA3B60000B802 /* CalculatorSwift.swift in Sources */ = {isa = PBXBuildFile; fileRef = D2322CFD2C8DA3B60000B802 /* CalculatorSwift.swift */; };
		D2322D002C8DF6930000B802 /* LogicCalculator.swift in Sources */ = {isa = PBXBuildFile; fileRef = D2322CFF2C8DF6930000B802 /* LogicCalculator.swift */; };
		D2548F132C8CC631006E644D /* GuestCounterViewController.swift in Sources */ = {isa = PBXBuildFile; fileRef = D2548F0F2C8CC631006E644D /* GuestCounterViewController.swift */; };
		D26E3F062D2AEADF008EC997 /* TableViewController.swift in Sources */ = {isa = PBXBuildFile; fileRef = D26E3F052D2AEADF008EC997 /* TableViewController.swift */; };
		D26E3F0C2D2C6B24008EC997 /* TodoItem.swift in Sources */ = {isa = PBXBuildFile; fileRef = D26E3F0B2D2C6B24008EC997 /* TodoItem.swift */; };
/* End PBXBuildFile section */

/* Begin PBXContainerItemProxy section */
		D226EA092C7BE341000E4529 /* PBXContainerItemProxy */ = {
			isa = PBXContainerItemProxy;
			containerPortal = D226E9EA2C7BE340000E4529 /* Project object */;
			proxyType = 1;
			remoteGlobalIDString = D226E9F12C7BE340000E4529;
			remoteInfo = "HomeWork-Ios";
		};
		D226EA132C7BE341000E4529 /* PBXContainerItemProxy */ = {
			isa = PBXContainerItemProxy;
			containerPortal = D226E9EA2C7BE340000E4529 /* Project object */;
			proxyType = 1;
			remoteGlobalIDString = D226E9F12C7BE340000E4529;
			remoteInfo = "HomeWork-Ios";
		};
/* End PBXContainerItemProxy section */

/* Begin PBXFileReference section */
		0DA15EE27BB780706F45E918 /* Pods-HomeWork-Ios-HomeWork-IosUITests.release.xcconfig */ = {isa = PBXFileReference; includeInIndex = 1; lastKnownFileType = text.xcconfig; name = "Pods-HomeWork-Ios-HomeWork-IosUITests.release.xcconfig"; path = "Target Support Files/Pods-HomeWork-Ios-HomeWork-IosUITests/Pods-HomeWork-Ios-HomeWork-IosUITests.release.xcconfig"; sourceTree = "<group>"; };
		12AEDDC03C62B0819955A567 /* Pods_HomeWork_Ios_HomeWork_IosUITests.framework */ = {isa = PBXFileReference; explicitFileType = wrapper.framework; includeInIndex = 0; path = Pods_HomeWork_Ios_HomeWork_IosUITests.framework; sourceTree = BUILT_PRODUCTS_DIR; };
		3A9581C6A015C204F9CE1ABA /* Pods-HomeWork-Ios.debug.xcconfig */ = {isa = PBXFileReference; includeInIndex = 1; lastKnownFileType = text.xcconfig; name = "Pods-HomeWork-Ios.debug.xcconfig"; path = "Target Support Files/Pods-HomeWork-Ios/Pods-HomeWork-Ios.debug.xcconfig"; sourceTree = "<group>"; };
		56560082A9C3E586ED77EED8 /* Pods-HomeWork-IosTests.debug.xcconfig */ = {isa = PBXFileReference; includeInIndex = 1; lastKnownFileType = text.xcconfig; name = "Pods-HomeWork-IosTests.debug.xcconfig"; path = "Target Support Files/Pods-HomeWork-IosTests/Pods-HomeWork-IosTests.debug.xcconfig"; sourceTree = "<group>"; };
		74FA861A65D0C74159D8271C /* Pods-HomeWork-Ios-HomeWork-IosUITests.debug.xcconfig */ = {isa = PBXFileReference; includeInIndex = 1; lastKnownFileType = text.xcconfig; name = "Pods-HomeWork-Ios-HomeWork-IosUITests.debug.xcconfig"; path = "Target Support Files/Pods-HomeWork-Ios-HomeWork-IosUITests/Pods-HomeWork-Ios-HomeWork-IosUITests.debug.xcconfig"; sourceTree = "<group>"; };
		7D078A18E8382A331DFADEB8 /* Pods_HomeWork_IosTests.framework */ = {isa = PBXFileReference; explicitFileType = wrapper.framework; includeInIndex = 0; path = Pods_HomeWork_IosTests.framework; sourceTree = BUILT_PRODUCTS_DIR; };
		95245B5BEE3A49AD1D51AEC6 /* Pods-HomeWork-IosTests.release.xcconfig */ = {isa = PBXFileReference; includeInIndex = 1; lastKnownFileType = text.xcconfig; name = "Pods-HomeWork-IosTests.release.xcconfig"; path = "Target Support Files/Pods-HomeWork-IosTests/Pods-HomeWork-IosTests.release.xcconfig"; sourceTree = "<group>"; };
		AC1634FA8A233A580825628F /* Pods_HomeWork_Ios.framework */ = {isa = PBXFileReference; explicitFileType = wrapper.framework; includeInIndex = 0; path = Pods_HomeWork_Ios.framework; sourceTree = BUILT_PRODUCTS_DIR; };
		B5BA568F8CEA495CCFDDE5C8 /* Pods-HomeWork-Ios.release.xcconfig */ = {isa = PBXFileReference; includeInIndex = 1; lastKnownFileType = text.xcconfig; name = "Pods-HomeWork-Ios.release.xcconfig"; path = "Target Support Files/Pods-HomeWork-Ios/Pods-HomeWork-Ios.release.xcconfig"; sourceTree = "<group>"; };
		D226E9F22C7BE340000E4529 /* HomeWork-Ios.app */ = {isa = PBXFileReference; explicitFileType = wrapper.application; includeInIndex = 0; path = "HomeWork-Ios.app"; sourceTree = BUILT_PRODUCTS_DIR; };
		D226E9F52C7BE340000E4529 /* AppDelegate.swift */ = {isa = PBXFileReference; lastKnownFileType = sourcecode.swift; path = AppDelegate.swift; sourceTree = "<group>"; };
		D226E9F72C7BE340000E4529 /* SceneDelegate.swift */ = {isa = PBXFileReference; lastKnownFileType = sourcecode.swift; path = SceneDelegate.swift; sourceTree = "<group>"; };
		D226E9F92C7BE340000E4529 /* TwoLabelsViewController.swift */ = {isa = PBXFileReference; lastKnownFileType = sourcecode.swift; path = TwoLabelsViewController.swift; sourceTree = "<group>"; };
		D226E9FE2C7BE341000E4529 /* Assets.xcassets */ = {isa = PBXFileReference; lastKnownFileType = folder.assetcatalog; path = Assets.xcassets; sourceTree = "<group>"; };
		D226EA012C7BE341000E4529 /* Base */ = {isa = PBXFileReference; lastKnownFileType = file.storyboard; name = Base; path = Base.lproj/LaunchScreen.storyboard; sourceTree = "<group>"; };
		D226EA032C7BE341000E4529 /* Info.plist */ = {isa = PBXFileReference; lastKnownFileType = text.plist.xml; path = Info.plist; sourceTree = "<group>"; };
		D226EA082C7BE341000E4529 /* HomeWork-IosTests.xctest */ = {isa = PBXFileReference; explicitFileType = wrapper.cfbundle; includeInIndex = 0; path = "HomeWork-IosTests.xctest"; sourceTree = BUILT_PRODUCTS_DIR; };
		D226EA0C2C7BE341000E4529 /* HomeWork_IosTests.swift */ = {isa = PBXFileReference; lastKnownFileType = sourcecode.swift; path = HomeWork_IosTests.swift; sourceTree = "<group>"; };
		D226EA122C7BE341000E4529 /* HomeWork-IosUITests.xctest */ = {isa = PBXFileReference; explicitFileType = wrapper.cfbundle; includeInIndex = 0; path = "HomeWork-IosUITests.xctest"; sourceTree = BUILT_PRODUCTS_DIR; };
		D226EA162C7BE341000E4529 /* HomeWork_IosUITests.swift */ = {isa = PBXFileReference; lastKnownFileType = sourcecode.swift; path = HomeWork_IosUITests.swift; sourceTree = "<group>"; };
		D226EA182C7BE341000E4529 /* HomeWork_IosUITestsLaunchTests.swift */ = {isa = PBXFileReference; lastKnownFileType = sourcecode.swift; path = HomeWork_IosUITestsLaunchTests.swift; sourceTree = "<group>"; };
		D2322CFD2C8DA3B60000B802 /* CalculatorSwift.swift */ = {isa = PBXFileReference; lastKnownFileType = sourcecode.swift; path = CalculatorSwift.swift; sourceTree = "<group>"; };
		D2322CFF2C8DF6930000B802 /* LogicCalculator.swift */ = {isa = PBXFileReference; lastKnownFileType = sourcecode.swift; path = LogicCalculator.swift; sourceTree = "<group>"; };
		D2548F0F2C8CC631006E644D /* GuestCounterViewController.swift */ = {isa = PBXFileReference; fileEncoding = 4; lastKnownFileType = sourcecode.swift; path = GuestCounterViewController.swift; sourceTree = "<group>"; };
		D26E3F052D2AEADF008EC997 /* TableViewController.swift */ = {isa = PBXFileReference; lastKnownFileType = sourcecode.swift; path = TableViewController.swift; sourceTree = "<group>"; };
		D26E3F0B2D2C6B24008EC997 /* TodoItem.swift */ = {isa = PBXFileReference; lastKnownFileType = sourcecode.swift; path = TodoItem.swift; sourceTree = "<group>"; };
/* End PBXFileReference section */

/* Begin PBXFrameworksBuildPhase section */
		D226E9EF2C7BE340000E4529 /* Frameworks */ = {
			isa = PBXFrameworksBuildPhase;
			buildActionMask = 2147483647;
			files = (
				CBEBA17F501A8ABE8999ED50 /* Pods_HomeWork_Ios.framework in Frameworks */,
			);
			runOnlyForDeploymentPostprocessing = 0;
		};
		D226EA052C7BE341000E4529 /* Frameworks */ = {
			isa = PBXFrameworksBuildPhase;
			buildActionMask = 2147483647;
			files = (
				9B2C2CEEF4E58C0C3428AFEC /* Pods_HomeWork_IosTests.framework in Frameworks */,
			);
			runOnlyForDeploymentPostprocessing = 0;
		};
		D226EA0F2C7BE341000E4529 /* Frameworks */ = {
			isa = PBXFrameworksBuildPhase;
			buildActionMask = 2147483647;
			files = (
				258C135E17AEBEF77FE91777 /* Pods_HomeWork_Ios_HomeWork_IosUITests.framework in Frameworks */,
			);
			runOnlyForDeploymentPostprocessing = 0;
		};
/* End PBXFrameworksBuildPhase section */

/* Begin PBXGroup section */
		1F1D3360B095B8BB53070393 /* Pods */ = {
			isa = PBXGroup;
			children = (
				3A9581C6A015C204F9CE1ABA /* Pods-HomeWork-Ios.debug.xcconfig */,
				B5BA568F8CEA495CCFDDE5C8 /* Pods-HomeWork-Ios.release.xcconfig */,
				74FA861A65D0C74159D8271C /* Pods-HomeWork-Ios-HomeWork-IosUITests.debug.xcconfig */,
				0DA15EE27BB780706F45E918 /* Pods-HomeWork-Ios-HomeWork-IosUITests.release.xcconfig */,
				56560082A9C3E586ED77EED8 /* Pods-HomeWork-IosTests.debug.xcconfig */,
				95245B5BEE3A49AD1D51AEC6 /* Pods-HomeWork-IosTests.release.xcconfig */,
			);
			path = Pods;
			sourceTree = "<group>";
		};
		909FE347EFFEB2062DF44E7A /* Frameworks */ = {
			isa = PBXGroup;
			children = (
				AC1634FA8A233A580825628F /* Pods_HomeWork_Ios.framework */,
				12AEDDC03C62B0819955A567 /* Pods_HomeWork_Ios_HomeWork_IosUITests.framework */,
				7D078A18E8382A331DFADEB8 /* Pods_HomeWork_IosTests.framework */,
			);
			name = Frameworks;
			sourceTree = "<group>";
		};
		D226E9E92C7BE340000E4529 = {
			isa = PBXGroup;
			children = (
				D226E9F42C7BE340000E4529 /* HomeWork-Ios */,
				D226EA0B2C7BE341000E4529 /* HomeWork-IosTests */,
				D226EA152C7BE341000E4529 /* HomeWork-IosUITests */,
				D226E9F32C7BE340000E4529 /* Products */,
				1F1D3360B095B8BB53070393 /* Pods */,
				909FE347EFFEB2062DF44E7A /* Frameworks */,
			);
			sourceTree = "<group>";
		};
		D226E9F32C7BE340000E4529 /* Products */ = {
			isa = PBXGroup;
			children = (
				D226E9F22C7BE340000E4529 /* HomeWork-Ios.app */,
				D226EA082C7BE341000E4529 /* HomeWork-IosTests.xctest */,
				D226EA122C7BE341000E4529 /* HomeWork-IosUITests.xctest */,
			);
			name = Products;
			sourceTree = "<group>";
		};
		D226E9F42C7BE340000E4529 /* HomeWork-Ios */ = {
			isa = PBXGroup;
			children = (
				D226E9F72C7BE340000E4529 /* SceneDelegate.swift */,
				D226E9F52C7BE340000E4529 /* AppDelegate.swift */,
				D26E3F042D2AEAA3008EC997 /* TableView */,
				D2322CFC2C8DA39D0000B802 /* Calculator */,
				D2548F102C8CC631006E644D /* GuestCounter */,
				D2FE8F4C2C8A683C0079D5E8 /* TwoLabels */,
				D226E9FE2C7BE341000E4529 /* Assets.xcassets */,
				D226EA002C7BE341000E4529 /* LaunchScreen.storyboard */,
				D226EA032C7BE341000E4529 /* Info.plist */,
			);
			path = "HomeWork-Ios";
			sourceTree = "<group>";
		};
		D226EA0B2C7BE341000E4529 /* HomeWork-IosTests */ = {
			isa = PBXGroup;
			children = (
				D226EA0C2C7BE341000E4529 /* HomeWork_IosTests.swift */,
			);
			path = "HomeWork-IosTests";
			sourceTree = "<group>";
		};
		D226EA152C7BE341000E4529 /* HomeWork-IosUITests */ = {
			isa = PBXGroup;
			children = (
				D226EA162C7BE341000E4529 /* HomeWork_IosUITests.swift */,
				D226EA182C7BE341000E4529 /* HomeWork_IosUITestsLaunchTests.swift */,
			);
			path = "HomeWork-IosUITests";
			sourceTree = "<group>";
		};
		D2322CFC2C8DA39D0000B802 /* Calculator */ = {
			isa = PBXGroup;
			children = (
				D2322CFD2C8DA3B60000B802 /* CalculatorSwift.swift */,
				D2322CFF2C8DF6930000B802 /* LogicCalculator.swift */,
			);
			path = Calculator;
			sourceTree = "<group>";
		};
		D2548F102C8CC631006E644D /* GuestCounter */ = {
			isa = PBXGroup;
			children = (
				D2548F0F2C8CC631006E644D /* GuestCounterViewController.swift */,
			);
			path = GuestCounter;
			sourceTree = "<group>";
		};
		D26E3F042D2AEAA3008EC997 /* TableView */ = {
			isa = PBXGroup;
			children = (
				D26E3F052D2AEADF008EC997 /* TableViewController.swift */,
				D26E3F0B2D2C6B24008EC997 /* TodoItem.swift */,
			);
			path = TableView;
			sourceTree = "<group>";
		};
		D2FE8F4C2C8A683C0079D5E8 /* TwoLabels */ = {
			isa = PBXGroup;
			children = (
				D226E9F92C7BE340000E4529 /* TwoLabelsViewController.swift */,
			);
			path = TwoLabels;
			sourceTree = "<group>";
		};
/* End PBXGroup section */

/* Begin PBXNativeTarget section */
		D226E9F12C7BE340000E4529 /* HomeWork-Ios */ = {
			isa = PBXNativeTarget;
			buildConfigurationList = D226EA1C2C7BE341000E4529 /* Build configuration list for PBXNativeTarget "HomeWork-Ios" */;
			buildPhases = (
				0E29A97CC06BF60826E266F8 /* [CP] Check Pods Manifest.lock */,
				D226E9EE2C7BE340000E4529 /* Sources */,
				D226E9EF2C7BE340000E4529 /* Frameworks */,
				D226E9F02C7BE340000E4529 /* Resources */,
				D2548F0B2C8CC562006E644D /* ShellScript */,
			);
			buildRules = (
			);
			dependencies = (
			);
			name = "HomeWork-Ios";
			productName = "HomeWork-Ios";
			productReference = D226E9F22C7BE340000E4529 /* HomeWork-Ios.app */;
			productType = "com.apple.product-type.application";
		};
		D226EA072C7BE341000E4529 /* HomeWork-IosTests */ = {
			isa = PBXNativeTarget;
			buildConfigurationList = D226EA1F2C7BE341000E4529 /* Build configuration list for PBXNativeTarget "HomeWork-IosTests" */;
			buildPhases = (
				5C57A907C1CD702EBF329D17 /* [CP] Check Pods Manifest.lock */,
				D226EA042C7BE341000E4529 /* Sources */,
				D226EA052C7BE341000E4529 /* Frameworks */,
				D226EA062C7BE341000E4529 /* Resources */,
			);
			buildRules = (
			);
			dependencies = (
				D226EA0A2C7BE341000E4529 /* PBXTargetDependency */,
			);
			name = "HomeWork-IosTests";
			productName = "HomeWork-IosTests";
			productReference = D226EA082C7BE341000E4529 /* HomeWork-IosTests.xctest */;
			productType = "com.apple.product-type.bundle.unit-test";
		};
		D226EA112C7BE341000E4529 /* HomeWork-IosUITests */ = {
			isa = PBXNativeTarget;
			buildConfigurationList = D226EA222C7BE341000E4529 /* Build configuration list for PBXNativeTarget "HomeWork-IosUITests" */;
			buildPhases = (
				30CF028269FE163C87A2C480 /* [CP] Check Pods Manifest.lock */,
				D226EA0E2C7BE341000E4529 /* Sources */,
				D226EA0F2C7BE341000E4529 /* Frameworks */,
				D226EA102C7BE341000E4529 /* Resources */,
			);
			buildRules = (
			);
			dependencies = (
				D226EA142C7BE341000E4529 /* PBXTargetDependency */,
			);
			name = "HomeWork-IosUITests";
			productName = "HomeWork-IosUITests";
			productReference = D226EA122C7BE341000E4529 /* HomeWork-IosUITests.xctest */;
			productType = "com.apple.product-type.bundle.ui-testing";
		};
/* End PBXNativeTarget section */

/* Begin PBXProject section */
		D226E9EA2C7BE340000E4529 /* Project object */ = {
			isa = PBXProject;
			attributes = {
				BuildIndependentTargetsInParallel = 1;
				LastSwiftUpdateCheck = 1540;
				LastUpgradeCheck = 1540;
				TargetAttributes = {
					D226E9F12C7BE340000E4529 = {
						CreatedOnToolsVersion = 15.4;
					};
					D226EA072C7BE341000E4529 = {
						CreatedOnToolsVersion = 15.4;
						TestTargetID = D226E9F12C7BE340000E4529;
					};
					D226EA112C7BE341000E4529 = {
						CreatedOnToolsVersion = 15.4;
						TestTargetID = D226E9F12C7BE340000E4529;
					};
				};
			};
			buildConfigurationList = D226E9ED2C7BE340000E4529 /* Build configuration list for PBXProject "HomeWork-Ios" */;
			compatibilityVersion = "Xcode 14.0";
			developmentRegion = en;
			hasScannedForEncodings = 0;
			knownRegions = (
				en,
				Base,
			);
			mainGroup = D226E9E92C7BE340000E4529;
			productRefGroup = D226E9F32C7BE340000E4529 /* Products */;
			projectDirPath = "";
			projectRoot = "";
			targets = (
				D226E9F12C7BE340000E4529 /* HomeWork-Ios */,
				D226EA072C7BE341000E4529 /* HomeWork-IosTests */,
				D226EA112C7BE341000E4529 /* HomeWork-IosUITests */,
			);
		};
/* End PBXProject section */

/* Begin PBXResourcesBuildPhase section */
		D226E9F02C7BE340000E4529 /* Resources */ = {
			isa = PBXResourcesBuildPhase;
			buildActionMask = 2147483647;
			files = (
				D226E9FF2C7BE341000E4529 /* Assets.xcassets in Resources */,
				D226EA022C7BE341000E4529 /* Base in Resources */,
			);
			runOnlyForDeploymentPostprocessing = 0;
		};
		D226EA062C7BE341000E4529 /* Resources */ = {
			isa = PBXResourcesBuildPhase;
			buildActionMask = 2147483647;
			files = (
			);
			runOnlyForDeploymentPostprocessing = 0;
		};
		D226EA102C7BE341000E4529 /* Resources */ = {
			isa = PBXResourcesBuildPhase;
			buildActionMask = 2147483647;
			files = (
			);
			runOnlyForDeploymentPostprocessing = 0;
		};
/* End PBXResourcesBuildPhase section */

/* Begin PBXShellScriptBuildPhase section */
		0E29A97CC06BF60826E266F8 /* [CP] Check Pods Manifest.lock */ = {
			isa = PBXShellScriptBuildPhase;
			buildActionMask = 2147483647;
			files = (
			);
			inputFileListPaths = (
			);
			inputPaths = (
				"${PODS_PODFILE_DIR_PATH}/Podfile.lock",
				"${PODS_ROOT}/Manifest.lock",
			);
			name = "[CP] Check Pods Manifest.lock";
			outputFileListPaths = (
			);
			outputPaths = (
				"$(DERIVED_FILE_DIR)/Pods-HomeWork-Ios-checkManifestLockResult.txt",
			);
			runOnlyForDeploymentPostprocessing = 0;
			shellPath = /bin/sh;
			shellScript = "diff \"${PODS_PODFILE_DIR_PATH}/Podfile.lock\" \"${PODS_ROOT}/Manifest.lock\" > /dev/null\nif [ $? != 0 ] ; then\n    # print error to STDERR\n    echo \"error: The sandbox is not in sync with the Podfile.lock. Run 'pod install' or update your CocoaPods installation.\" >&2\n    exit 1\nfi\n# This output is used by Xcode 'outputs' to avoid re-running this script phase.\necho \"SUCCESS\" > \"${SCRIPT_OUTPUT_FILE_0}\"\n";
			showEnvVarsInLog = 0;
		};
		30CF028269FE163C87A2C480 /* [CP] Check Pods Manifest.lock */ = {
			isa = PBXShellScriptBuildPhase;
			buildActionMask = 2147483647;
			files = (
			);
			inputFileListPaths = (
			);
			inputPaths = (
				"${PODS_PODFILE_DIR_PATH}/Podfile.lock",
				"${PODS_ROOT}/Manifest.lock",
			);
			name = "[CP] Check Pods Manifest.lock";
			outputFileListPaths = (
			);
			outputPaths = (
				"$(DERIVED_FILE_DIR)/Pods-HomeWork-Ios-HomeWork-IosUITests-checkManifestLockResult.txt",
			);
			runOnlyForDeploymentPostprocessing = 0;
			shellPath = /bin/sh;
			shellScript = "diff \"${PODS_PODFILE_DIR_PATH}/Podfile.lock\" \"${PODS_ROOT}/Manifest.lock\" > /dev/null\nif [ $? != 0 ] ; then\n    # print error to STDERR\n    echo \"error: The sandbox is not in sync with the Podfile.lock. Run 'pod install' or update your CocoaPods installation.\" >&2\n    exit 1\nfi\n# This output is used by Xcode 'outputs' to avoid re-running this script phase.\necho \"SUCCESS\" > \"${SCRIPT_OUTPUT_FILE_0}\"\n";
			showEnvVarsInLog = 0;
		};
		5C57A907C1CD702EBF329D17 /* [CP] Check Pods Manifest.lock */ = {
			isa = PBXShellScriptBuildPhase;
			buildActionMask = 2147483647;
			files = (
			);
			inputFileListPaths = (
			);
			inputPaths = (
				"${PODS_PODFILE_DIR_PATH}/Podfile.lock",
				"${PODS_ROOT}/Manifest.lock",
			);
			name = "[CP] Check Pods Manifest.lock";
			outputFileListPaths = (
			);
			outputPaths = (
				"$(DERIVED_FILE_DIR)/Pods-HomeWork-IosTests-checkManifestLockResult.txt",
			);
			runOnlyForDeploymentPostprocessing = 0;
			shellPath = /bin/sh;
			shellScript = "diff \"${PODS_PODFILE_DIR_PATH}/Podfile.lock\" \"${PODS_ROOT}/Manifest.lock\" > /dev/null\nif [ $? != 0 ] ; then\n    # print error to STDERR\n    echo \"error: The sandbox is not in sync with the Podfile.lock. Run 'pod install' or update your CocoaPods installation.\" >&2\n    exit 1\nfi\n# This output is used by Xcode 'outputs' to avoid re-running this script phase.\necho \"SUCCESS\" > \"${SCRIPT_OUTPUT_FILE_0}\"\n";
			showEnvVarsInLog = 0;
		};
		D2548F0B2C8CC562006E644D /* ShellScript */ = {
			isa = PBXShellScriptBuildPhase;
			buildActionMask = 2147483647;
			files = (
			);
			inputFileListPaths = (
			);
			inputPaths = (
			);
			outputFileListPaths = (
			);
			outputPaths = (
			);
			runOnlyForDeploymentPostprocessing = 0;
			shellPath = /bin/sh;
			shellScript = "# Type a script or drag a script file from your workspace to insert its path.\n${PODS_ROOT}/SwiftLint/swiftlint lint --strict\n";
		};
/* End PBXShellScriptBuildPhase section */

/* Begin PBXSourcesBuildPhase section */
		D226E9EE2C7BE340000E4529 /* Sources */ = {
			isa = PBXSourcesBuildPhase;
			buildActionMask = 2147483647;
			files = (
				D2322CFE2C8DA3B60000B802 /* CalculatorSwift.swift in Sources */,
				D226E9FA2C7BE340000E4529 /* TwoLabelsViewController.swift in Sources */,
				D26E3F062D2AEADF008EC997 /* TableViewController.swift in Sources */,
				D26E3F0C2D2C6B24008EC997 /* TodoItem.swift in Sources */,
				D2322D002C8DF6930000B802 /* LogicCalculator.swift in Sources */,
				D226E9F62C7BE340000E4529 /* AppDelegate.swift in Sources */,
				D2548F132C8CC631006E644D /* GuestCounterViewController.swift in Sources */,
				D226E9F82C7BE340000E4529 /* SceneDelegate.swift in Sources */,
			);
			runOnlyForDeploymentPostprocessing = 0;
		};
		D226EA042C7BE341000E4529 /* Sources */ = {
			isa = PBXSourcesBuildPhase;
			buildActionMask = 2147483647;
			files = (
				D226EA0D2C7BE341000E4529 /* HomeWork_IosTests.swift in Sources */,
			);
			runOnlyForDeploymentPostprocessing = 0;
		};
		D226EA0E2C7BE341000E4529 /* Sources */ = {
			isa = PBXSourcesBuildPhase;
			buildActionMask = 2147483647;
			files = (
				D226EA192C7BE341000E4529 /* HomeWork_IosUITestsLaunchTests.swift in Sources */,
				D226EA172C7BE341000E4529 /* HomeWork_IosUITests.swift in Sources */,
			);
			runOnlyForDeploymentPostprocessing = 0;
		};
/* End PBXSourcesBuildPhase section */

/* Begin PBXTargetDependency section */
		D226EA0A2C7BE341000E4529 /* PBXTargetDependency */ = {
			isa = PBXTargetDependency;
			target = D226E9F12C7BE340000E4529 /* HomeWork-Ios */;
			targetProxy = D226EA092C7BE341000E4529 /* PBXContainerItemProxy */;
		};
		D226EA142C7BE341000E4529 /* PBXTargetDependency */ = {
			isa = PBXTargetDependency;
			target = D226E9F12C7BE340000E4529 /* HomeWork-Ios */;
			targetProxy = D226EA132C7BE341000E4529 /* PBXContainerItemProxy */;
		};
/* End PBXTargetDependency section */

/* Begin PBXVariantGroup section */
		D226EA002C7BE341000E4529 /* LaunchScreen.storyboard */ = {
			isa = PBXVariantGroup;
			children = (
				D226EA012C7BE341000E4529 /* Base */,
			);
			name = LaunchScreen.storyboard;
			sourceTree = "<group>";
		};
/* End PBXVariantGroup section */

/* Begin XCBuildConfiguration section */
		D226EA1A2C7BE341000E4529 /* Debug */ = {
			isa = XCBuildConfiguration;
			buildSettings = {
				ALWAYS_SEARCH_USER_PATHS = NO;
				ASSETCATALOG_COMPILER_GENERATE_SWIFT_ASSET_SYMBOL_EXTENSIONS = YES;
				CLANG_ANALYZER_NONNULL = YES;
				CLANG_ANALYZER_NUMBER_OBJECT_CONVERSION = YES_AGGRESSIVE;
				CLANG_CXX_LANGUAGE_STANDARD = "gnu++20";
				CLANG_ENABLE_MODULES = YES;
				CLANG_ENABLE_OBJC_ARC = YES;
				CLANG_ENABLE_OBJC_WEAK = YES;
				CLANG_WARN_BLOCK_CAPTURE_AUTORELEASING = YES;
				CLANG_WARN_BOOL_CONVERSION = YES;
				CLANG_WARN_COMMA = YES;
				CLANG_WARN_CONSTANT_CONVERSION = YES;
				CLANG_WARN_DEPRECATED_OBJC_IMPLEMENTATIONS = YES;
				CLANG_WARN_DIRECT_OBJC_ISA_USAGE = YES_ERROR;
				CLANG_WARN_DOCUMENTATION_COMMENTS = YES;
				CLANG_WARN_EMPTY_BODY = YES;
				CLANG_WARN_ENUM_CONVERSION = YES;
				CLANG_WARN_INFINITE_RECURSION = YES;
				CLANG_WARN_INT_CONVERSION = YES;
				CLANG_WARN_NON_LITERAL_NULL_CONVERSION = YES;
				CLANG_WARN_OBJC_IMPLICIT_RETAIN_SELF = YES;
				CLANG_WARN_OBJC_LITERAL_CONVERSION = YES;
				CLANG_WARN_OBJC_ROOT_CLASS = YES_ERROR;
				CLANG_WARN_QUOTED_INCLUDE_IN_FRAMEWORK_HEADER = YES;
				CLANG_WARN_RANGE_LOOP_ANALYSIS = YES;
				CLANG_WARN_STRICT_PROTOTYPES = YES;
				CLANG_WARN_SUSPICIOUS_MOVE = YES;
				CLANG_WARN_UNGUARDED_AVAILABILITY = YES_AGGRESSIVE;
				CLANG_WARN_UNREACHABLE_CODE = YES;
				CLANG_WARN__DUPLICATE_METHOD_MATCH = YES;
				COPY_PHASE_STRIP = NO;
				DEBUG_INFORMATION_FORMAT = dwarf;
				ENABLE_STRICT_OBJC_MSGSEND = YES;
				ENABLE_TESTABILITY = YES;
				ENABLE_USER_SCRIPT_SANDBOXING = YES;
				GCC_C_LANGUAGE_STANDARD = gnu17;
				GCC_DYNAMIC_NO_PIC = NO;
				GCC_NO_COMMON_BLOCKS = YES;
				GCC_OPTIMIZATION_LEVEL = 0;
				GCC_PREPROCESSOR_DEFINITIONS = (
					"DEBUG=1",
					"$(inherited)",
				);
				GCC_WARN_64_TO_32_BIT_CONVERSION = YES;
				GCC_WARN_ABOUT_RETURN_TYPE = YES_ERROR;
				GCC_WARN_UNDECLARED_SELECTOR = YES;
				GCC_WARN_UNINITIALIZED_AUTOS = YES_AGGRESSIVE;
				GCC_WARN_UNUSED_FUNCTION = YES;
				GCC_WARN_UNUSED_VARIABLE = YES;
				IPHONEOS_DEPLOYMENT_TARGET = 17.5;
				LOCALIZATION_PREFERS_STRING_CATALOGS = YES;
				MTL_ENABLE_DEBUG_INFO = INCLUDE_SOURCE;
				MTL_FAST_MATH = YES;
				ONLY_ACTIVE_ARCH = YES;
				SDKROOT = iphoneos;
				SWIFT_ACTIVE_COMPILATION_CONDITIONS = "DEBUG $(inherited)";
				SWIFT_OPTIMIZATION_LEVEL = "-Onone";
			};
			name = Debug;
		};
		D226EA1B2C7BE341000E4529 /* Release */ = {
			isa = XCBuildConfiguration;
			buildSettings = {
				ALWAYS_SEARCH_USER_PATHS = NO;
				ASSETCATALOG_COMPILER_GENERATE_SWIFT_ASSET_SYMBOL_EXTENSIONS = YES;
				CLANG_ANALYZER_NONNULL = YES;
				CLANG_ANALYZER_NUMBER_OBJECT_CONVERSION = YES_AGGRESSIVE;
				CLANG_CXX_LANGUAGE_STANDARD = "gnu++20";
				CLANG_ENABLE_MODULES = YES;
				CLANG_ENABLE_OBJC_ARC = YES;
				CLANG_ENABLE_OBJC_WEAK = YES;
				CLANG_WARN_BLOCK_CAPTURE_AUTORELEASING = YES;
				CLANG_WARN_BOOL_CONVERSION = YES;
				CLANG_WARN_COMMA = YES;
				CLANG_WARN_CONSTANT_CONVERSION = YES;
				CLANG_WARN_DEPRECATED_OBJC_IMPLEMENTATIONS = YES;
				CLANG_WARN_DIRECT_OBJC_ISA_USAGE = YES_ERROR;
				CLANG_WARN_DOCUMENTATION_COMMENTS = YES;
				CLANG_WARN_EMPTY_BODY = YES;
				CLANG_WARN_ENUM_CONVERSION = YES;
				CLANG_WARN_INFINITE_RECURSION = YES;
				CLANG_WARN_INT_CONVERSION = YES;
				CLANG_WARN_NON_LITERAL_NULL_CONVERSION = YES;
				CLANG_WARN_OBJC_IMPLICIT_RETAIN_SELF = YES;
				CLANG_WARN_OBJC_LITERAL_CONVERSION = YES;
				CLANG_WARN_OBJC_ROOT_CLASS = YES_ERROR;
				CLANG_WARN_QUOTED_INCLUDE_IN_FRAMEWORK_HEADER = YES;
				CLANG_WARN_RANGE_LOOP_ANALYSIS = YES;
				CLANG_WARN_STRICT_PROTOTYPES = YES;
				CLANG_WARN_SUSPICIOUS_MOVE = YES;
				CLANG_WARN_UNGUARDED_AVAILABILITY = YES_AGGRESSIVE;
				CLANG_WARN_UNREACHABLE_CODE = YES;
				CLANG_WARN__DUPLICATE_METHOD_MATCH = YES;
				COPY_PHASE_STRIP = NO;
				DEBUG_INFORMATION_FORMAT = "dwarf-with-dsym";
				ENABLE_NS_ASSERTIONS = NO;
				ENABLE_STRICT_OBJC_MSGSEND = YES;
				ENABLE_USER_SCRIPT_SANDBOXING = YES;
				GCC_C_LANGUAGE_STANDARD = gnu17;
				GCC_NO_COMMON_BLOCKS = YES;
				GCC_WARN_64_TO_32_BIT_CONVERSION = YES;
				GCC_WARN_ABOUT_RETURN_TYPE = YES_ERROR;
				GCC_WARN_UNDECLARED_SELECTOR = YES;
				GCC_WARN_UNINITIALIZED_AUTOS = YES_AGGRESSIVE;
				GCC_WARN_UNUSED_FUNCTION = YES;
				GCC_WARN_UNUSED_VARIABLE = YES;
				IPHONEOS_DEPLOYMENT_TARGET = 17.5;
				LOCALIZATION_PREFERS_STRING_CATALOGS = YES;
				MTL_ENABLE_DEBUG_INFO = NO;
				MTL_FAST_MATH = YES;
				SDKROOT = iphoneos;
				SWIFT_COMPILATION_MODE = wholemodule;
				VALIDATE_PRODUCT = YES;
			};
			name = Release;
		};
		D226EA1D2C7BE341000E4529 /* Debug */ = {
			isa = XCBuildConfiguration;
			baseConfigurationReference = 3A9581C6A015C204F9CE1ABA /* Pods-HomeWork-Ios.debug.xcconfig */;
			buildSettings = {
				ASSETCATALOG_COMPILER_APPICON_NAME = AppIcon;
				ASSETCATALOG_COMPILER_GLOBAL_ACCENT_COLOR_NAME = AccentColor;
				CODE_SIGN_STYLE = Automatic;
				CURRENT_PROJECT_VERSION = 1;
				DEVELOPMENT_TEAM = 4NLUV9RK3H;
				ENABLE_USER_SCRIPT_SANDBOXING = NO;
				GENERATE_INFOPLIST_FILE = YES;
				INFOPLIST_FILE = "HomeWork-Ios/Info.plist";
				INFOPLIST_KEY_UIApplicationSupportsIndirectInputEvents = YES;
				INFOPLIST_KEY_UILaunchStoryboardName = LaunchScreen;
				INFOPLIST_KEY_UIStatusBarStyle = "";
				INFOPLIST_KEY_UISupportedInterfaceOrientations_iPad = "UIInterfaceOrientationPortrait UIInterfaceOrientationPortraitUpsideDown UIInterfaceOrientationLandscapeLeft UIInterfaceOrientationLandscapeRight";
				INFOPLIST_KEY_UISupportedInterfaceOrientations_iPhone = "UIInterfaceOrientationPortrait UIInterfaceOrientationLandscapeLeft UIInterfaceOrientationLandscapeRight";
				LD_RUNPATH_SEARCH_PATHS = (
					"$(inherited)",
					"@executable_path/Frameworks",
				);
				MARKETING_VERSION = 1.0;
				PRODUCT_BUNDLE_IDENTIFIER = "-.HomeWork-Ios";
				PRODUCT_NAME = "$(TARGET_NAME)";
				SWIFT_EMIT_LOC_STRINGS = YES;
				SWIFT_VERSION = 5.0;
				TARGETED_DEVICE_FAMILY = "1,2";
			};
			name = Debug;
		};
		D226EA1E2C7BE341000E4529 /* Release */ = {
			isa = XCBuildConfiguration;
			baseConfigurationReference = B5BA568F8CEA495CCFDDE5C8 /* Pods-HomeWork-Ios.release.xcconfig */;
			buildSettings = {
				ASSETCATALOG_COMPILER_APPICON_NAME = AppIcon;
				ASSETCATALOG_COMPILER_GLOBAL_ACCENT_COLOR_NAME = AccentColor;
				CODE_SIGN_STYLE = Automatic;
				CURRENT_PROJECT_VERSION = 1;
				DEVELOPMENT_TEAM = 4NLUV9RK3H;
				ENABLE_USER_SCRIPT_SANDBOXING = NO;
				GENERATE_INFOPLIST_FILE = YES;
				INFOPLIST_FILE = "HomeWork-Ios/Info.plist";
				INFOPLIST_KEY_UIApplicationSupportsIndirectInputEvents = YES;
				INFOPLIST_KEY_UILaunchStoryboardName = LaunchScreen;
				INFOPLIST_KEY_UIStatusBarStyle = "";
				INFOPLIST_KEY_UISupportedInterfaceOrientations_iPad = "UIInterfaceOrientationPortrait UIInterfaceOrientationPortraitUpsideDown UIInterfaceOrientationLandscapeLeft UIInterfaceOrientationLandscapeRight";
				INFOPLIST_KEY_UISupportedInterfaceOrientations_iPhone = "UIInterfaceOrientationPortrait UIInterfaceOrientationLandscapeLeft UIInterfaceOrientationLandscapeRight";
				LD_RUNPATH_SEARCH_PATHS = (
					"$(inherited)",
					"@executable_path/Frameworks",
				);
				MARKETING_VERSION = 1.0;
				PRODUCT_BUNDLE_IDENTIFIER = "-.HomeWork-Ios";
				PRODUCT_NAME = "$(TARGET_NAME)";
				SWIFT_EMIT_LOC_STRINGS = YES;
				SWIFT_VERSION = 5.0;
				TARGETED_DEVICE_FAMILY = "1,2";
			};
			name = Release;
		};
		D226EA202C7BE341000E4529 /* Debug */ = {
			isa = XCBuildConfiguration;
			baseConfigurationReference = 56560082A9C3E586ED77EED8 /* Pods-HomeWork-IosTests.debug.xcconfig */;
			buildSettings = {
				ALWAYS_EMBED_SWIFT_STANDARD_LIBRARIES = YES;
				BUNDLE_LOADER = "$(TEST_HOST)";
				CODE_SIGN_STYLE = Automatic;
				CURRENT_PROJECT_VERSION = 1;
				DEVELOPMENT_TEAM = 4NLUV9RK3H;
				GENERATE_INFOPLIST_FILE = YES;
				IPHONEOS_DEPLOYMENT_TARGET = 17.5;
				MARKETING_VERSION = 1.0;
				PRODUCT_BUNDLE_IDENTIFIER = "-.HomeWork-IosTests";
				PRODUCT_NAME = "$(TARGET_NAME)";
				SWIFT_EMIT_LOC_STRINGS = NO;
				SWIFT_VERSION = 5.0;
				TARGETED_DEVICE_FAMILY = "1,2";
				TEST_HOST = "$(BUILT_PRODUCTS_DIR)/HomeWork-Ios.app/$(BUNDLE_EXECUTABLE_FOLDER_PATH)/HomeWork-Ios";
			};
			name = Debug;
		};
		D226EA212C7BE341000E4529 /* Release */ = {
			isa = XCBuildConfiguration;
			baseConfigurationReference = 95245B5BEE3A49AD1D51AEC6 /* Pods-HomeWork-IosTests.release.xcconfig */;
			buildSettings = {
				ALWAYS_EMBED_SWIFT_STANDARD_LIBRARIES = YES;
				BUNDLE_LOADER = "$(TEST_HOST)";
				CODE_SIGN_STYLE = Automatic;
				CURRENT_PROJECT_VERSION = 1;
				DEVELOPMENT_TEAM = 4NLUV9RK3H;
				GENERATE_INFOPLIST_FILE = YES;
				IPHONEOS_DEPLOYMENT_TARGET = 17.5;
				MARKETING_VERSION = 1.0;
				PRODUCT_BUNDLE_IDENTIFIER = "-.HomeWork-IosTests";
				PRODUCT_NAME = "$(TARGET_NAME)";
				SWIFT_EMIT_LOC_STRINGS = NO;
				SWIFT_VERSION = 5.0;
				TARGETED_DEVICE_FAMILY = "1,2";
				TEST_HOST = "$(BUILT_PRODUCTS_DIR)/HomeWork-Ios.app/$(BUNDLE_EXECUTABLE_FOLDER_PATH)/HomeWork-Ios";
			};
			name = Release;
		};
		D226EA232C7BE341000E4529 /* Debug */ = {
			isa = XCBuildConfiguration;
			baseConfigurationReference = 74FA861A65D0C74159D8271C /* Pods-HomeWork-Ios-HomeWork-IosUITests.debug.xcconfig */;
			buildSettings = {
				ALWAYS_EMBED_SWIFT_STANDARD_LIBRARIES = YES;
				CODE_SIGN_STYLE = Automatic;
				CURRENT_PROJECT_VERSION = 1;
				DEVELOPMENT_TEAM = 4NLUV9RK3H;
				GENERATE_INFOPLIST_FILE = YES;
				MARKETING_VERSION = 1.0;
				PRODUCT_BUNDLE_IDENTIFIER = "-.HomeWork-IosUITests";
				PRODUCT_NAME = "$(TARGET_NAME)";
				SWIFT_EMIT_LOC_STRINGS = NO;
				SWIFT_VERSION = 5.0;
				TARGETED_DEVICE_FAMILY = "1,2";
				TEST_TARGET_NAME = "HomeWork-Ios";
			};
			name = Debug;
		};
		D226EA242C7BE341000E4529 /* Release */ = {
			isa = XCBuildConfiguration;
			baseConfigurationReference = 0DA15EE27BB780706F45E918 /* Pods-HomeWork-Ios-HomeWork-IosUITests.release.xcconfig */;
			buildSettings = {
				ALWAYS_EMBED_SWIFT_STANDARD_LIBRARIES = YES;
				CODE_SIGN_STYLE = Automatic;
				CURRENT_PROJECT_VERSION = 1;
				DEVELOPMENT_TEAM = 4NLUV9RK3H;
				GENERATE_INFOPLIST_FILE = YES;
				MARKETING_VERSION = 1.0;
				PRODUCT_BUNDLE_IDENTIFIER = "-.HomeWork-IosUITests";
				PRODUCT_NAME = "$(TARGET_NAME)";
				SWIFT_EMIT_LOC_STRINGS = NO;
				SWIFT_VERSION = 5.0;
				TARGETED_DEVICE_FAMILY = "1,2";
				TEST_TARGET_NAME = "HomeWork-Ios";
			};
			name = Release;
		};
/* End XCBuildConfiguration section */

/* Begin XCConfigurationList section */
		D226E9ED2C7BE340000E4529 /* Build configuration list for PBXProject "HomeWork-Ios" */ = {
			isa = XCConfigurationList;
			buildConfigurations = (
				D226EA1A2C7BE341000E4529 /* Debug */,
				D226EA1B2C7BE341000E4529 /* Release */,
			);
			defaultConfigurationIsVisible = 0;
			defaultConfigurationName = Release;
		};
		D226EA1C2C7BE341000E4529 /* Build configuration list for PBXNativeTarget "HomeWork-Ios" */ = {
			isa = XCConfigurationList;
			buildConfigurations = (
				D226EA1D2C7BE341000E4529 /* Debug */,
				D226EA1E2C7BE341000E4529 /* Release */,
			);
			defaultConfigurationIsVisible = 0;
			defaultConfigurationName = Release;
		};
		D226EA1F2C7BE341000E4529 /* Build configuration list for PBXNativeTarget "HomeWork-IosTests" */ = {
			isa = XCConfigurationList;
			buildConfigurations = (
				D226EA202C7BE341000E4529 /* Debug */,
				D226EA212C7BE341000E4529 /* Release */,
			);
			defaultConfigurationIsVisible = 0;
			defaultConfigurationName = Release;
		};
		D226EA222C7BE341000E4529 /* Build configuration list for PBXNativeTarget "HomeWork-IosUITests" */ = {
			isa = XCConfigurationList;
			buildConfigurations = (
				D226EA232C7BE341000E4529 /* Debug */,
				D226EA242C7BE341000E4529 /* Release */,
			);
			defaultConfigurationIsVisible = 0;
			defaultConfigurationName = Release;
		};
/* End XCConfigurationList section */
	};
	rootObject = D226E9EA2C7BE340000E4529 /* Project object */;
}
